{
  "version": 4,
  "terraform_version": "1.10.5",
  "serial": 20,
  "lineage": "69f48259-7d43-4c43-d442-e88bceb52d99",
  "outputs": {},
  "resources": [
    {
      "mode": "managed",
      "type": "google_bigquery_dataset",
      "name": "ny_taxi",
      "provider": "provider[\"registry.terraform.io/hashicorp/google\"]",
      "instances": [
        {
          "schema_version": 0,
          "attributes": {
            "access": [
              {
                "condition": [],
                "dataset": [],
                "domain": "",
                "group_by_email": "",
                "iam_member": "",
                "role": "OWNER",
                "routine": [],
                "special_group": "",
                "user_by_email": "terraform-2@healthy-highway-411015.iam.gserviceaccount.com",
                "view": []
              },
              {
                "condition": [],
                "dataset": [],
                "domain": "",
                "group_by_email": "",
                "iam_member": "",
                "role": "OWNER",
                "routine": [],
                "special_group": "projectOwners",
                "user_by_email": "",
                "view": []
              },
              {
                "condition": [],
                "dataset": [],
                "domain": "",
                "group_by_email": "",
                "iam_member": "",
                "role": "READER",
                "routine": [],
                "special_group": "projectReaders",
                "user_by_email": "",
                "view": []
              },
              {
                "condition": [],
                "dataset": [],
                "domain": "",
                "group_by_email": "",
                "iam_member": "",
                "role": "WRITER",
                "routine": [],
                "special_group": "projectWriters",
                "user_by_email": "",
                "view": []
              }
            ],
            "creation_time": 1738764523167,
            "dataset_id": "ny_taxi_dataset",
            "default_collation": "",
            "default_encryption_configuration": [],
            "default_partition_expiration_ms": 0,
            "default_table_expiration_ms": 0,
            "delete_contents_on_destroy": false,
            "description": "",
            "effective_labels": {
              "goog-terraform-provisioned": "true"
            },
            "etag": "IYCKO7cXvKLbEfexbuRNvQ==",
            "external_dataset_reference": [],
            "friendly_name": "NY Taxi Dataset",
            "id": "projects/healthy-highway-411015/datasets/ny_taxi_dataset",
            "is_case_insensitive": false,
            "labels": {},
            "last_modified_time": 1738764523167,
            "location": "US",
            "max_time_travel_hours": "168",
            "project": "healthy-highway-411015",
            "resource_tags": {},
            "self_link": "https://bigquery.googleapis.com/bigquery/v2/projects/healthy-highway-411015/datasets/ny_taxi_dataset",
            "storage_billing_model": "",
            "terraform_labels": {
              "goog-terraform-provisioned": "true"
            },
            "timeouts": null
          },
          "sensitive_attributes": [],
          "private": "eyJlMmJmYjczMC1lY2FhLTExZTYtOGY4OC0zNDM2M2JjN2M0YzAiOnsiY3JlYXRlIjoxMjAwMDAwMDAwMDAwLCJkZWxldGUiOjEyMDAwMDAwMDAwMDAsInVwZGF0ZSI6MTIwMDAwMDAwMDAwMH19"
        }
      ]
    },
    {
      "mode": "managed",
      "type": "google_bigquery_table",
      "name": "ny_taxi",
      "provider": "provider[\"registry.terraform.io/hashicorp/google\"]",
      "instances": [
        {
          "schema_version": 0,
          "attributes": {
            "biglake_configuration": [],
            "clustering": null,
            "creation_time": 1738764524071,
            "dataset_id": "ny_taxi_dataset",
            "deletion_protection": false,
            "description": "",
            "effective_labels": {
              "goog-terraform-provisioned": "true"
            },
            "encryption_configuration": [],
            "etag": "pq2hDBjR6RkNvekalJKYkw==",
            "expiration_time": 0,
            "external_data_configuration": [],
            "friendly_name": "",
            "id": "projects/healthy-highway-411015/datasets/ny_taxi_dataset/tables/ny_taxi",
            "labels": {},
            "last_modified_time": 1738764524115,
            "location": "US",
            "materialized_view": [],
            "max_staleness": "",
            "num_bytes": 0,
            "num_long_term_bytes": 0,
            "num_rows": 0,
            "project": "healthy-highway-411015",
            "range_partitioning": [],
            "require_partition_filter": false,
            "resource_tags": {},
            "schema": "[{\"mode\":\"NULLABLE\",\"name\":\"VendorID\",\"type\":\"INTEGER\"},{\"mode\":\"NULLABLE\",\"name\":\"tpep_pickup_datetime\",\"type\":\"TIMESTAMP\"},{\"mode\":\"NULLABLE\",\"name\":\"tpep_dropoff_datetime\",\"type\":\"TIMESTAMP\"},{\"mode\":\"NULLABLE\",\"name\":\"passenger_count\",\"type\":\"INTEGER\"},{\"mode\":\"NULLABLE\",\"name\":\"trip_distance\",\"type\":\"FLOAT\"},{\"mode\":\"NULLABLE\",\"name\":\"RatecodeID\",\"type\":\"INTEGER\"},{\"mode\":\"NULLABLE\",\"name\":\"store_and_fwd_flag\",\"type\":\"STRING\"},{\"mode\":\"NULLABLE\",\"name\":\"PULocationID\",\"type\":\"INTEGER\"},{\"mode\":\"NULLABLE\",\"name\":\"DOLocationID\",\"type\":\"INTEGER\"},{\"mode\":\"NULLABLE\",\"name\":\"payment_type\",\"type\":\"INTEGER\"},{\"mode\":\"NULLABLE\",\"name\":\"fare_amount\",\"type\":\"FLOAT\"},{\"mode\":\"NULLABLE\",\"name\":\"extra\",\"type\":\"FLOAT\"},{\"mode\":\"NULLABLE\",\"name\":\"mta_tax\",\"type\":\"FLOAT\"},{\"mode\":\"NULLABLE\",\"name\":\"tip_amount\",\"type\":\"FLOAT\"},{\"mode\":\"NULLABLE\",\"name\":\"tolls_amount\",\"type\":\"FLOAT\"},{\"mode\":\"NULLABLE\",\"name\":\"improvement_surcharge\",\"type\":\"FLOAT\"},{\"mode\":\"NULLABLE\",\"name\":\"total_amount\",\"type\":\"FLOAT\"},{\"mode\":\"NULLABLE\",\"name\":\"congestion_surcharge\",\"type\":\"FLOAT\"},{\"mode\":\"NULLABLE\",\"name\":\"Airport_fee\",\"type\":\"FLOAT\"}]",
            "self_link": "https://bigquery.googleapis.com/bigquery/v2/projects/healthy-highway-411015/datasets/ny_taxi_dataset/tables/ny_taxi",
            "table_constraints": [],
            "table_id": "ny_taxi",
            "table_replication_info": [],
            "terraform_labels": {
              "goog-terraform-provisioned": "true"
            },
            "time_partitioning": [],
            "type": "TABLE",
            "view": []
          },
          "sensitive_attributes": [],
          "private": "bnVsbA==",
          "dependencies": [
            "google_bigquery_dataset.ny_taxi"
          ]
        }
      ]
    },
    {
      "mode": "managed",
      "type": "google_dataproc_autoscaling_policy",
      "name": "basic",
      "provider": "provider[\"registry.terraform.io/hashicorp/google\"]",
      "instances": [
        {
          "schema_version": 0,
          "attributes": {
            "basic_algorithm": [
              {
                "cooldown_period": "120s",
                "yarn_config": [
                  {
                    "graceful_decommission_timeout": "30s",
                    "scale_down_factor": 0.05,
                    "scale_down_min_worker_fraction": 0,
                    "scale_up_factor": 0.05,
                    "scale_up_min_worker_fraction": 0
                  }
                ]
              }
            ],
            "id": "projects/healthy-highway-411015/locations/us-central1/autoscalingPolicies/dataproc-policy",
            "location": "us-central1",
            "name": "projects/healthy-highway-411015/regions/us-central1/autoscalingPolicies/dataproc-policy",
            "policy_id": "dataproc-policy",
            "project": "healthy-highway-411015",
            "secondary_worker_config": [],
            "timeouts": null,
            "worker_config": [
              {
                "max_instances": 10,
                "min_instances": 2,
                "weight": 1
              }
            ]
          },
          "sensitive_attributes": [],
          "private": "eyJlMmJmYjczMC1lY2FhLTExZTYtOGY4OC0zNDM2M2JjN2M0YzAiOnsiY3JlYXRlIjoxMjAwMDAwMDAwMDAwLCJkZWxldGUiOjEyMDAwMDAwMDAwMDAsInVwZGF0ZSI6MTIwMDAwMDAwMDAwMH19"
        }
      ]
    },
    {
      "mode": "managed",
      "type": "google_dataproc_autoscaling_policy",
      "name": "basic2",
      "provider": "provider[\"registry.terraform.io/hashicorp/google\"]",
      "instances": [
        {
          "schema_version": 0,
          "attributes": {
            "basic_algorithm": [
              {
                "cooldown_period": "120s",
                "yarn_config": [
                  {
                    "graceful_decommission_timeout": "30s",
                    "scale_down_factor": 0.05,
                    "scale_down_min_worker_fraction": 0,
                    "scale_up_factor": 0.05,
                    "scale_up_min_worker_fraction": 0
                  }
                ]
              }
            ],
            "id": "projects/healthy-highway-411015/locations/us-east1/autoscalingPolicies/another-dataproc-policy",
            "location": "us-east1",
            "name": "projects/healthy-highway-411015/regions/us-east1/autoscalingPolicies/another-dataproc-policy",
            "policy_id": "another-dataproc-policy",
            "project": "healthy-highway-411015",
            "secondary_worker_config": [],
            "timeouts": null,
            "worker_config": [
              {
                "max_instances": 10,
                "min_instances": 2,
                "weight": 1
              }
            ]
          },
          "sensitive_attributes": [],
          "private": "eyJlMmJmYjczMC1lY2FhLTExZTYtOGY4OC0zNDM2M2JjN2M0YzAiOnsiY3JlYXRlIjoxMjAwMDAwMDAwMDAwLCJkZWxldGUiOjEyMDAwMDAwMDAwMDAsInVwZGF0ZSI6MTIwMDAwMDAwMDAwMH19"
        }
      ]
    },
    {
      "mode": "managed",
      "type": "google_storage_bucket",
      "name": "processed",
      "provider": "provider[\"registry.terraform.io/hashicorp/google\"]",
      "instances": [
        {
          "schema_version": 3,
          "attributes": {
            "autoclass": [],
            "cors": [],
            "custom_placement_config": [],
            "default_event_based_hold": false,
            "effective_labels": {
              "goog-terraform-provisioned": "true"
            },
            "enable_object_retention": false,
            "encryption": [],
            "force_destroy": false,
            "hierarchical_namespace": [
              {
                "enabled": false
              }
            ],
            "id": "ny-taxi-processed",
            "labels": {},
            "lifecycle_rule": [],
            "location": "US",
            "logging": [],
            "name": "ny-taxi-processed",
            "project": "healthy-highway-411015",
            "project_number": 45818416081,
            "public_access_prevention": "inherited",
            "requester_pays": false,
            "retention_policy": [],
            "rpo": "DEFAULT",
            "self_link": "https://www.googleapis.com/storage/v1/b/ny-taxi-processed",
            "soft_delete_policy": [
              {
                "effective_time": "2025-02-05T13:57:36.579Z",
                "retention_duration_seconds": 604800
              }
            ],
            "storage_class": "STANDARD",
            "terraform_labels": {
              "goog-terraform-provisioned": "true"
            },
            "timeouts": null,
            "uniform_bucket_level_access": false,
            "url": "gs://ny-taxi-processed",
            "versioning": [],
            "website": []
          },
          "sensitive_attributes": [],
          "private": "eyJlMmJmYjczMC1lY2FhLTExZTYtOGY4OC0zNDM2M2JjN2M0YzAiOnsiY3JlYXRlIjo2MDAwMDAwMDAwMDAsInJlYWQiOjI0MDAwMDAwMDAwMCwidXBkYXRlIjoyNDAwMDAwMDAwMDB9LCJzY2hlbWFfdmVyc2lvbiI6IjMifQ=="
        }
      ]
    },
    {
      "mode": "managed",
      "type": "google_storage_bucket",
      "name": "raw",
      "provider": "provider[\"registry.terraform.io/hashicorp/google\"]",
      "instances": [
        {
          "schema_version": 3,
          "attributes": {
            "autoclass": [],
            "cors": [],
            "custom_placement_config": [],
            "default_event_based_hold": false,
            "effective_labels": {
              "goog-terraform-provisioned": "true"
            },
            "enable_object_retention": false,
            "encryption": [],
            "force_destroy": false,
            "hierarchical_namespace": [
              {
                "enabled": false
              }
            ],
            "id": "ny-taxi-raw",
            "labels": {},
            "lifecycle_rule": [],
            "location": "US",
            "logging": [],
            "name": "ny-taxi-raw",
            "project": "healthy-highway-411015",
            "project_number": 45818416081,
            "public_access_prevention": "inherited",
            "requester_pays": false,
            "retention_policy": [],
            "rpo": "DEFAULT",
            "self_link": "https://www.googleapis.com/storage/v1/b/ny-taxi-raw",
            "soft_delete_policy": [
              {
                "effective_time": "2025-02-05T13:57:36.822Z",
                "retention_duration_seconds": 604800
              }
            ],
            "storage_class": "STANDARD",
            "terraform_labels": {
              "goog-terraform-provisioned": "true"
            },
            "timeouts": null,
            "uniform_bucket_level_access": false,
            "url": "gs://ny-taxi-raw",
            "versioning": [],
            "website": []
          },
          "sensitive_attributes": [],
          "private": "eyJlMmJmYjczMC1lY2FhLTExZTYtOGY4OC0zNDM2M2JjN2M0YzAiOnsiY3JlYXRlIjo2MDAwMDAwMDAwMDAsInJlYWQiOjI0MDAwMDAwMDAwMCwidXBkYXRlIjoyNDAwMDAwMDAwMDB9LCJzY2hlbWFfdmVyc2lvbiI6IjMifQ=="
        }
      ]
    }
  ],
  "check_results": null
}
